
Microsoft Visual Studio Solution File, Format Version 12.00
# Visual Studio Version 16
VisualStudioVersion = 16.0.31026.100
MinimumVisualStudioVersion = 10.0.40219.1
Project("{D4B43EB3-688B-4EEE-86BD-088F0B28ABB3}") = "AzureMonitorManagementPack", "AzureMonitorManagementPack\AzureMonitorManagementPack.mpproj", "{F9C34CEF-EFA1-4FAD-8BA7-157826EF2351}"
EndProject
Global
	GlobalSection(SolutionConfigurationPlatforms) = preSolution
		Debug|x86 = Debug|x86
		Release|x86 = Release|x86
	EndGlobalSection
	GlobalSection(ProjectConfigurationPlatforms) = postSolution
		{F9C34CEF-EFA1-4FAD-8BA7-157826EF2351}.Debug|x86.ActiveCfg = Debug|x86
		{F9C34CEF-EFA1-4FAD-8BA7-157826EF2351}.Debug|x86.Build.0 = Debug|x86
		{F9C34CEF-EFA1-4FAD-8BA7-157826EF2351}.Release|x86.ActiveCfg = Release|x86
		{F9C34CEF-EFA1-4FAD-8BA7-157826EF2351}.Release|x86.Build.0 = Release|x86
	EndGlobalSection
	GlobalSection(SolutionProperties) = preSolution
		HideSolutionNode = FALSE
	EndGlobalSection
	GlobalSection(ExtensibilityGlobals) = postSolution
		SolutionGuid = {D504A35F-6098-4DB3-A0FC-B667B9FE3A5A}
	EndGlobalSection
EndGlobal
